
Microsoft Visual Studio Solution File, Format Version 11.00
# Visual Studio 2010
Project("{8BC9CEB8-8B4A-11D0-8D11-00A0C91BC942}") = "simpleStabControl", "simpleStabControl\simpleStabControl.vcxproj", "{1EF0042C-B853-4C67-8C33-B226C8C75A8E}"
EndProject
Global
	GlobalSection(SolutionConfigurationPlatforms) = preSolution
		Debug|Win32 = Debug|Win32
		Release|Win32 = Release|Win32
	EndGlobalSection
	GlobalSection(ProjectConfigurationPlatforms) = postSolution
		{1EF0042C-B853-4C67-8C33-B226C8C75A8E}.Debug|Win32.ActiveCfg = Debug|Win32
		{1EF0042C-B853-4C67-8C33-B226C8C75A8E}.Debug|Win32.Build.0 = Debug|Win32
		{1EF0042C-B853-4C67-8C33-B226C8C75A8E}.Release|Win32.ActiveCfg = Release|Win32
		{1EF0042C-B853-4C67-8C33-B226C8C75A8E}.Release|Win32.Build.0 = Release|Win32
	EndGlobalSection
	GlobalSection(SolutionProperties) = preSolution
		HideSolutionNode = FALSE
	EndGlobalSection
EndGlobal
